
Microsoft Visual Studio Solution File, Format Version 12.00
# Visual Studio 15
VisualStudioVersion = 15.0.28010.2041
MinimumVisualStudioVersion = 10.0.40219.1
Project("{FAE04EC0-301F-11D3-BF4B-00C04F79EFBC}") = "StatefulEventProcessor", "StatefulEventProcessor\StatefulEventProcessor.csproj", "{DCB7F331-0819-4DB1-BCA1-37EE8A66A773}"
EndProject
Global
	GlobalSection(SolutionConfigurationPlatforms) = preSolution
		Debug|Any CPU = Debug|Any CPU
		Release|Any CPU = Release|Any CPU
	EndGlobalSection
	GlobalSection(ProjectConfigurationPlatforms) = postSolution
		{DCB7F331-0819-4DB1-BCA1-37EE8A66A773}.Debug|Any CPU.ActiveCfg = Debug|Any CPU
		{DCB7F331-0819-4DB1-BCA1-37EE8A66A773}.Debug|Any CPU.Build.0 = Debug|Any CPU
		{DCB7F331-0819-4DB1-BCA1-37EE8A66A773}.Release|Any CPU.ActiveCfg = Release|Any CPU
		{DCB7F331-0819-4DB1-BCA1-37EE8A66A773}.Release|Any CPU.Build.0 = Release|Any CPU
	EndGlobalSection
	GlobalSection(SolutionProperties) = preSolution
		HideSolutionNode = FALSE
	EndGlobalSection
	GlobalSection(ExtensibilityGlobals) = postSolution
		SolutionGuid = {4C4F1BA1-21CF-47D5-A609-90B67C62CB93}
	EndGlobalSection
EndGlobal
